
Microsoft Visual Studio Solution File, Format Version 12.00
# Visual Studio 15
VisualStudioVersion = 15.0.27004.2002
MinimumVisualStudioVersion = 10.0.40219.1
Project("{FAE04EC0-301F-11D3-BF4B-00C04F79EFBC}") = "Selenium WebDriver", "Selenium WebDriver\Selenium WebDriver.csproj", "{302CE891-FC34-48DE-BC58-55D3C8DE703E}"
EndProject
Global
	GlobalSection(SolutionConfigurationPlatforms) = preSolution
		Debug|Any CPU = Debug|Any CPU
		Release|Any CPU = Release|Any CPU
	EndGlobalSection
	GlobalSection(ProjectConfigurationPlatforms) = postSolution
		{302CE891-FC34-48DE-BC58-55D3C8DE703E}.Debug|Any CPU.ActiveCfg = Debug|Any CPU
		{302CE891-FC34-48DE-BC58-55D3C8DE703E}.Debug|Any CPU.Build.0 = Debug|Any CPU
		{302CE891-FC34-48DE-BC58-55D3C8DE703E}.Release|Any CPU.ActiveCfg = Release|Any CPU
		{302CE891-FC34-48DE-BC58-55D3C8DE703E}.Release|Any CPU.Build.0 = Release|Any CPU
	EndGlobalSection
	GlobalSection(SolutionProperties) = preSolution
		HideSolutionNode = FALSE
	EndGlobalSection
	GlobalSection(ExtensibilityGlobals) = postSolution
		SolutionGuid = {FEBB706F-C654-42C6-BDF8-769EF8ACEBEB}
	EndGlobalSection
EndGlobal
